
Microsoft Visual Studio Solution File, Format Version 12.00
# Visual Studio Version 16
VisualStudioVersion = 16.0.32106.194
MinimumVisualStudioVersion = 10.0.40219.1
Project("{FAE04EC0-301F-11D3-BF4B-00C04F79EFBC}") = "authapi", "authapi\authapi.csproj", "{351A597D-CFC3-4ADC-9F4A-7DA0EDE40C13}"
EndProject
Global
	GlobalSection(SolutionConfigurationPlatforms) = preSolution
		Debug|Any CPU = Debug|Any CPU
		Release|Any CPU = Release|Any CPU
	EndGlobalSection
	GlobalSection(ProjectConfigurationPlatforms) = postSolution
		{351A597D-CFC3-4ADC-9F4A-7DA0EDE40C13}.Debug|Any CPU.ActiveCfg = Debug|Any CPU
		{351A597D-CFC3-4ADC-9F4A-7DA0EDE40C13}.Debug|Any CPU.Build.0 = Debug|Any CPU
		{351A597D-CFC3-4ADC-9F4A-7DA0EDE40C13}.Release|Any CPU.ActiveCfg = Release|Any CPU
		{351A597D-CFC3-4ADC-9F4A-7DA0EDE40C13}.Release|Any CPU.Build.0 = Release|Any CPU
	EndGlobalSection
	GlobalSection(SolutionProperties) = preSolution
		HideSolutionNode = FALSE
	EndGlobalSection
	GlobalSection(ExtensibilityGlobals) = postSolution
		SolutionGuid = {4CC8C85F-D9EC-462F-B21D-BE14D6BD4F76}
	EndGlobalSection
EndGlobal
